
Microsoft Visual Studio Solution File, Format Version 12.00
# Visual Studio Version 17
VisualStudioVersion = 17.5.33502.453
MinimumVisualStudioVersion = 10.0.40219.1
Project("{FAE04EC0-301F-11D3-BF4B-00C04F79EFBC}") = "XAFApp.WebApi", "XAFApp.WebApi\XAFApp.WebApi.csproj", "{774F15BD-A156-48FF-89DF-61B5E7AFBF2E}"
EndProject
Project("{FAE04EC0-301F-11D3-BF4B-00C04F79EFBC}") = "XAFApp.Module", "XAFApp.Module\XAFApp.Module.csproj", "{B2B1AEAC-3CDA-45C5-A75A-8BF7FE9368FE}"
EndProject
Project("{FAE04EC0-301F-11D3-BF4B-00C04F79EFBC}") = "XAFApp.Blazor.Server", "XAFApp.Blazor.Server\XAFApp.Blazor.Server.csproj", "{626BA25D-685D-42E4-818F-DB346F3EB4DA}"
EndProject
Global
	GlobalSection(SolutionProperties) = preSolution
		HideSolutionNode = FALSE
	EndGlobalSection
	GlobalSection(SolutionConfigurationPlatforms) = preSolution
		Debug|Any CPU = Debug|Any CPU
		Debug|x64 = Debug|x64
		Debug|x86 = Debug|x86
		Release|Any CPU = Release|Any CPU
		Release|x64 = Release|x64
		Release|x86 = Release|x86
	EndGlobalSection
	GlobalSection(ProjectConfigurationPlatforms) = postSolution
		{774F15BD-A156-48FF-89DF-61B5E7AFBF2E}.Debug|Any CPU.ActiveCfg = Debug|Any CPU
		{774F15BD-A156-48FF-89DF-61B5E7AFBF2E}.Debug|Any CPU.Build.0 = Debug|Any CPU
		{774F15BD-A156-48FF-89DF-61B5E7AFBF2E}.Debug|x64.ActiveCfg = Debug|Any CPU
		{774F15BD-A156-48FF-89DF-61B5E7AFBF2E}.Debug|x64.Build.0 = Debug|Any CPU
		{774F15BD-A156-48FF-89DF-61B5E7AFBF2E}.Debug|x86.ActiveCfg = Debug|Any CPU
		{774F15BD-A156-48FF-89DF-61B5E7AFBF2E}.Debug|x86.Build.0 = Debug|Any CPU
		{774F15BD-A156-48FF-89DF-61B5E7AFBF2E}.Release|Any CPU.ActiveCfg = Release|Any CPU
		{774F15BD-A156-48FF-89DF-61B5E7AFBF2E}.Release|Any CPU.Build.0 = Release|Any CPU
		{774F15BD-A156-48FF-89DF-61B5E7AFBF2E}.Release|x64.ActiveCfg = Release|Any CPU
		{774F15BD-A156-48FF-89DF-61B5E7AFBF2E}.Release|x64.Build.0 = Release|Any CPU
		{774F15BD-A156-48FF-89DF-61B5E7AFBF2E}.Release|x86.ActiveCfg = Release|Any CPU
		{774F15BD-A156-48FF-89DF-61B5E7AFBF2E}.Release|x86.Build.0 = Release|Any CPU
		{B2B1AEAC-3CDA-45C5-A75A-8BF7FE9368FE}.Debug|Any CPU.ActiveCfg = Debug|Any CPU
		{B2B1AEAC-3CDA-45C5-A75A-8BF7FE9368FE}.Debug|Any CPU.Build.0 = Debug|Any CPU
		{B2B1AEAC-3CDA-45C5-A75A-8BF7FE9368FE}.Debug|x64.ActiveCfg = Debug|Any CPU
		{B2B1AEAC-3CDA-45C5-A75A-8BF7FE9368FE}.Debug|x64.Build.0 = Debug|Any CPU
		{B2B1AEAC-3CDA-45C5-A75A-8BF7FE9368FE}.Debug|x86.ActiveCfg = Debug|Any CPU
		{B2B1AEAC-3CDA-45C5-A75A-8BF7FE9368FE}.Debug|x86.Build.0 = Debug|Any CPU
		{B2B1AEAC-3CDA-45C5-A75A-8BF7FE9368FE}.Release|Any CPU.ActiveCfg = Release|Any CPU
		{B2B1AEAC-3CDA-45C5-A75A-8BF7FE9368FE}.Release|Any CPU.Build.0 = Release|Any CPU
		{B2B1AEAC-3CDA-45C5-A75A-8BF7FE9368FE}.Release|x64.ActiveCfg = Release|Any CPU
		{B2B1AEAC-3CDA-45C5-A75A-8BF7FE9368FE}.Release|x64.Build.0 = Release|Any CPU
		{B2B1AEAC-3CDA-45C5-A75A-8BF7FE9368FE}.Release|x86.ActiveCfg = Release|Any CPU
		{B2B1AEAC-3CDA-45C5-A75A-8BF7FE9368FE}.Release|x86.Build.0 = Release|Any CPU
		{626BA25D-685D-42E4-818F-DB346F3EB4DA}.Debug|Any CPU.ActiveCfg = Debug|Any CPU
		{626BA25D-685D-42E4-818F-DB346F3EB4DA}.Debug|Any CPU.Build.0 = Debug|Any CPU
		{626BA25D-685D-42E4-818F-DB346F3EB4DA}.Debug|x64.ActiveCfg = Debug|Any CPU
		{626BA25D-685D-42E4-818F-DB346F3EB4DA}.Debug|x64.Build.0 = Debug|Any CPU
		{626BA25D-685D-42E4-818F-DB346F3EB4DA}.Debug|x86.ActiveCfg = Debug|Any CPU
		{626BA25D-685D-42E4-818F-DB346F3EB4DA}.Debug|x86.Build.0 = Debug|Any CPU
		{626BA25D-685D-42E4-818F-DB346F3EB4DA}.Release|Any CPU.ActiveCfg = Release|Any CPU
		{626BA25D-685D-42E4-818F-DB346F3EB4DA}.Release|Any CPU.Build.0 = Release|Any CPU
		{626BA25D-685D-42E4-818F-DB346F3EB4DA}.Release|x64.ActiveCfg = Release|Any CPU
		{626BA25D-685D-42E4-818F-DB346F3EB4DA}.Release|x64.Build.0 = Release|Any CPU
		{626BA25D-685D-42E4-818F-DB346F3EB4DA}.Release|x86.ActiveCfg = Release|Any CPU
		{626BA25D-685D-42E4-818F-DB346F3EB4DA}.Release|x86.Build.0 = Release|Any CPU
	EndGlobalSection
EndGlobal
